
Microsoft Visual Studio Solution File, Format Version 12.00
# Visual Studio 14
VisualStudioVersion = 14.0.25123.0
MinimumVisualStudioVersion = 10.0.40219.1
Project("{2150E333-8FDC-42A3-9474-1A3956D46DE8}") = "Creational Design Patterns", "Creational Design Patterns", "{55895F98-C286-4E10-9955-781545DF1157}"
EndProject
Project("{FAE04EC0-301F-11D3-BF4B-00C04F79EFBC}") = "AbstractFactory", "AbstractFactory\AbstractFactory.csproj", "{6387C9DC-630B-4D2D-BD68-7E91526A82A6}"
EndProject
Project("{FAE04EC0-301F-11D3-BF4B-00C04F79EFBC}") = "FactoryMethod", "FactoryMethod\FactoryMethod.csproj", "{1CD8FA4B-085A-4417-9541-58876AFD3F94}"
EndProject
Global
	GlobalSection(SolutionConfigurationPlatforms) = preSolution
		Debug|Any CPU = Debug|Any CPU
		Debug|ARM = Debug|ARM
		Debug|x64 = Debug|x64
		Debug|x86 = Debug|x86
		Release|Any CPU = Release|Any CPU
		Release|ARM = Release|ARM
		Release|x64 = Release|x64
		Release|x86 = Release|x86
	EndGlobalSection
	GlobalSection(ProjectConfigurationPlatforms) = postSolution
		{6387C9DC-630B-4D2D-BD68-7E91526A82A6}.Debug|Any CPU.ActiveCfg = Debug|Any CPU
		{6387C9DC-630B-4D2D-BD68-7E91526A82A6}.Debug|Any CPU.Build.0 = Debug|Any CPU
		{6387C9DC-630B-4D2D-BD68-7E91526A82A6}.Debug|ARM.ActiveCfg = Debug|Any CPU
		{6387C9DC-630B-4D2D-BD68-7E91526A82A6}.Debug|ARM.Build.0 = Debug|Any CPU
		{6387C9DC-630B-4D2D-BD68-7E91526A82A6}.Debug|x64.ActiveCfg = Debug|Any CPU
		{6387C9DC-630B-4D2D-BD68-7E91526A82A6}.Debug|x64.Build.0 = Debug|Any CPU
		{6387C9DC-630B-4D2D-BD68-7E91526A82A6}.Debug|x86.ActiveCfg = Debug|Any CPU
		{6387C9DC-630B-4D2D-BD68-7E91526A82A6}.Debug|x86.Build.0 = Debug|Any CPU
		{6387C9DC-630B-4D2D-BD68-7E91526A82A6}.Release|Any CPU.ActiveCfg = Release|Any CPU
		{6387C9DC-630B-4D2D-BD68-7E91526A82A6}.Release|Any CPU.Build.0 = Release|Any CPU
		{6387C9DC-630B-4D2D-BD68-7E91526A82A6}.Release|ARM.ActiveCfg = Release|Any CPU
		{6387C9DC-630B-4D2D-BD68-7E91526A82A6}.Release|ARM.Build.0 = Release|Any CPU
		{6387C9DC-630B-4D2D-BD68-7E91526A82A6}.Release|x64.ActiveCfg = Release|Any CPU
		{6387C9DC-630B-4D2D-BD68-7E91526A82A6}.Release|x64.Build.0 = Release|Any CPU
		{6387C9DC-630B-4D2D-BD68-7E91526A82A6}.Release|x86.ActiveCfg = Release|Any CPU
		{6387C9DC-630B-4D2D-BD68-7E91526A82A6}.Release|x86.Build.0 = Release|Any CPU
		{1CD8FA4B-085A-4417-9541-58876AFD3F94}.Debug|Any CPU.ActiveCfg = Debug|Any CPU
		{1CD8FA4B-085A-4417-9541-58876AFD3F94}.Debug|Any CPU.Build.0 = Debug|Any CPU
		{1CD8FA4B-085A-4417-9541-58876AFD3F94}.Debug|ARM.ActiveCfg = Debug|Any CPU
		{1CD8FA4B-085A-4417-9541-58876AFD3F94}.Debug|ARM.Build.0 = Debug|Any CPU
		{1CD8FA4B-085A-4417-9541-58876AFD3F94}.Debug|x64.ActiveCfg = Debug|Any CPU
		{1CD8FA4B-085A-4417-9541-58876AFD3F94}.Debug|x64.Build.0 = Debug|Any CPU
		{1CD8FA4B-085A-4417-9541-58876AFD3F94}.Debug|x86.ActiveCfg = Debug|Any CPU
		{1CD8FA4B-085A-4417-9541-58876AFD3F94}.Debug|x86.Build.0 = Debug|Any CPU
		{1CD8FA4B-085A-4417-9541-58876AFD3F94}.Release|Any CPU.ActiveCfg = Release|Any CPU
		{1CD8FA4B-085A-4417-9541-58876AFD3F94}.Release|Any CPU.Build.0 = Release|Any CPU
		{1CD8FA4B-085A-4417-9541-58876AFD3F94}.Release|ARM.ActiveCfg = Release|Any CPU
		{1CD8FA4B-085A-4417-9541-58876AFD3F94}.Release|ARM.Build.0 = Release|Any CPU
		{1CD8FA4B-085A-4417-9541-58876AFD3F94}.Release|x64.ActiveCfg = Release|Any CPU
		{1CD8FA4B-085A-4417-9541-58876AFD3F94}.Release|x64.Build.0 = Release|Any CPU
		{1CD8FA4B-085A-4417-9541-58876AFD3F94}.Release|x86.ActiveCfg = Release|Any CPU
		{1CD8FA4B-085A-4417-9541-58876AFD3F94}.Release|x86.Build.0 = Release|Any CPU
	EndGlobalSection
	GlobalSection(SolutionProperties) = preSolution
		HideSolutionNode = FALSE
	EndGlobalSection
	GlobalSection(NestedProjects) = preSolution
		{6387C9DC-630B-4D2D-BD68-7E91526A82A6} = {55895F98-C286-4E10-9955-781545DF1157}
		{1CD8FA4B-085A-4417-9541-58876AFD3F94} = {55895F98-C286-4E10-9955-781545DF1157}
	EndGlobalSection
EndGlobal
